
Microsoft Visual Studio Solution File, Format Version 12.00
# Visual Studio Version 17
VisualStudioVersion = 17.8.34525.116
MinimumVisualStudioVersion = 10.0.40219.1
Project("{FAE04EC0-301F-11D3-BF4B-00C04F79EFBC}") = "oopveb8", "oopveb8\oopveb8.csproj", "{68CE93C5-8993-4799-BC77-7FE3F91F0C45}"
EndProject
Global
	GlobalSection(SolutionConfigurationPlatforms) = preSolution
		Debug|Any CPU = Debug|Any CPU
		Release|Any CPU = Release|Any CPU
	EndGlobalSection
	GlobalSection(ProjectConfigurationPlatforms) = postSolution
		{68CE93C5-8993-4799-BC77-7FE3F91F0C45}.Debug|Any CPU.ActiveCfg = Debug|Any CPU
		{68CE93C5-8993-4799-BC77-7FE3F91F0C45}.Debug|Any CPU.Build.0 = Debug|Any CPU
		{68CE93C5-8993-4799-BC77-7FE3F91F0C45}.Release|Any CPU.ActiveCfg = Release|Any CPU
		{68CE93C5-8993-4799-BC77-7FE3F91F0C45}.Release|Any CPU.Build.0 = Release|Any CPU
	EndGlobalSection
	GlobalSection(SolutionProperties) = preSolution
		HideSolutionNode = FALSE
	EndGlobalSection
	GlobalSection(ExtensibilityGlobals) = postSolution
		SolutionGuid = {C0D3E172-6A0C-4A29-A6E7-8014B253A5FA}
	EndGlobalSection
EndGlobal
